
Microsoft Visual Studio Solution File, Format Version 12.00
# Visual Studio Version 17
VisualStudioVersion = 17.1.32414.318
MinimumVisualStudioVersion = 10.0.40219.1
Project("{FAE04EC0-301F-11D3-BF4B-00C04F79EFBC}") = "Project1", "Project1\Project1.csproj", "{2A4E6991-3205-42BD-B974-4A8A3EF5F6C0}"
EndProject
Global
	GlobalSection(SolutionConfigurationPlatforms) = preSolution
		Debug|Any CPU = Debug|Any CPU
		Release|Any CPU = Release|Any CPU
	EndGlobalSection
	GlobalSection(ProjectConfigurationPlatforms) = postSolution
		{2A4E6991-3205-42BD-B974-4A8A3EF5F6C0}.Debug|Any CPU.ActiveCfg = Debug|Any CPU
		{2A4E6991-3205-42BD-B974-4A8A3EF5F6C0}.Debug|Any CPU.Build.0 = Debug|Any CPU
		{2A4E6991-3205-42BD-B974-4A8A3EF5F6C0}.Release|Any CPU.ActiveCfg = Release|Any CPU
		{2A4E6991-3205-42BD-B974-4A8A3EF5F6C0}.Release|Any CPU.Build.0 = Release|Any CPU
	EndGlobalSection
	GlobalSection(SolutionProperties) = preSolution
		HideSolutionNode = FALSE
	EndGlobalSection
	GlobalSection(ExtensibilityGlobals) = postSolution
		SolutionGuid = {E2B63BAE-5E69-4C6F-B900-C785AF3CA583}
	EndGlobalSection
EndGlobal
